
Microsoft Visual Studio Solution File, Format Version 12.00
# Visual Studio Version 17
VisualStudioVersion = 17.9.34728.123
MinimumVisualStudioVersion = 10.0.40219.1
Project("{FAE04EC0-301F-11D3-BF4B-00C04F79EFBC}") = "sy3-2", "sy3-2\sy3-2.csproj", "{579A3569-65B5-4165-960A-DAD0A7B0D80A}"
EndProject
Global
	GlobalSection(SolutionConfigurationPlatforms) = preSolution
		Debug|Any CPU = Debug|Any CPU
		Release|Any CPU = Release|Any CPU
	EndGlobalSection
	GlobalSection(ProjectConfigurationPlatforms) = postSolution
		{579A3569-65B5-4165-960A-DAD0A7B0D80A}.Debug|Any CPU.ActiveCfg = Debug|Any CPU
		{579A3569-65B5-4165-960A-DAD0A7B0D80A}.Debug|Any CPU.Build.0 = Debug|Any CPU
		{579A3569-65B5-4165-960A-DAD0A7B0D80A}.Release|Any CPU.ActiveCfg = Release|Any CPU
		{579A3569-65B5-4165-960A-DAD0A7B0D80A}.Release|Any CPU.Build.0 = Release|Any CPU
	EndGlobalSection
	GlobalSection(SolutionProperties) = preSolution
		HideSolutionNode = FALSE
	EndGlobalSection
	GlobalSection(ExtensibilityGlobals) = postSolution
		SolutionGuid = {A5406795-9EDB-4F93-9F78-FD0C93DA1EE3}
	EndGlobalSection
EndGlobal
